
Microsoft Visual Studio Solution File, Format Version 12.00
# Visual Studio 15
VisualStudioVersion = 15.0.28307.168
MinimumVisualStudioVersion = 10.0.40219.1
Project("{FAE04EC0-301F-11D3-BF4B-00C04F79EFBC}") = "ProActive", "ProActive\ProActive.csproj", "{66997617-557B-440B-B87D-61E358095CAC}"
EndProject
Global
	GlobalSection(SolutionConfigurationPlatforms) = preSolution
		Debug|Any CPU = Debug|Any CPU
		Release|Any CPU = Release|Any CPU
	EndGlobalSection
	GlobalSection(ProjectConfigurationPlatforms) = postSolution
		{66997617-557B-440B-B87D-61E358095CAC}.Debug|Any CPU.ActiveCfg = Debug|Any CPU
		{66997617-557B-440B-B87D-61E358095CAC}.Debug|Any CPU.Build.0 = Debug|Any CPU
		{66997617-557B-440B-B87D-61E358095CAC}.Release|Any CPU.ActiveCfg = Release|Any CPU
		{66997617-557B-440B-B87D-61E358095CAC}.Release|Any CPU.Build.0 = Release|Any CPU
	EndGlobalSection
	GlobalSection(SolutionProperties) = preSolution
		HideSolutionNode = FALSE
	EndGlobalSection
	GlobalSection(ExtensibilityGlobals) = postSolution
		SolutionGuid = {980A8714-E10D-40E2-A586-0E681ECF47B1}
	EndGlobalSection
EndGlobal
